
Microsoft Visual Studio Solution File, Format Version 12.00
# Visual Studio Version 17
VisualStudioVersion = 17.6.33829.357
MinimumVisualStudioVersion = 10.0.40219.1
Project("{9A19103F-16F7-4668-BE54-9A1E7A4F7556}") = "BloggerSpace", "BloggerSpace.csproj", "{3E90691E-C01C-44DF-9FC8-2F65741F093F}"
EndProject
Global
	GlobalSection(SolutionConfigurationPlatforms) = preSolution
		Debug|Any CPU = Debug|Any CPU
		Release|Any CPU = Release|Any CPU
	EndGlobalSection
	GlobalSection(ProjectConfigurationPlatforms) = postSolution
		{3E90691E-C01C-44DF-9FC8-2F65741F093F}.Debug|Any CPU.ActiveCfg = Debug|Any CPU
		{3E90691E-C01C-44DF-9FC8-2F65741F093F}.Debug|Any CPU.Build.0 = Debug|Any CPU
		{3E90691E-C01C-44DF-9FC8-2F65741F093F}.Release|Any CPU.ActiveCfg = Release|Any CPU
		{3E90691E-C01C-44DF-9FC8-2F65741F093F}.Release|Any CPU.Build.0 = Release|Any CPU
	EndGlobalSection
	GlobalSection(SolutionProperties) = preSolution
		HideSolutionNode = FALSE
	EndGlobalSection
	GlobalSection(ExtensibilityGlobals) = postSolution
		SolutionGuid = {5D3D7C1F-2F29-4403-ACD6-B9E4D55D3EA4}
	EndGlobalSection
EndGlobal
